
Microsoft Visual Studio Solution File, Format Version 11.00
# Visual Studio 2010
Project("{8BC9CEB8-8B4A-11D0-8D11-00A0C91BC942}") = "Win32HostingWPF", "Win32Window.vcxproj", "{8625A303-646D-4D87-BC14-29CD4D079CD9}"
EndProject
Global
	GlobalSection(SolutionConfigurationPlatforms) = preSolution
		Debug|Mixed Platforms = Debug|Mixed Platforms
		Debug|Win32 = Debug|Win32
		Release|Mixed Platforms = Release|Mixed Platforms
		Release|Win32 = Release|Win32
	EndGlobalSection
	GlobalSection(ProjectConfigurationPlatforms) = postSolution
		{8625A303-646D-4D87-BC14-29CD4D079CD9}.Debug|Mixed Platforms.ActiveCfg = Debug|Win32
		{8625A303-646D-4D87-BC14-29CD4D079CD9}.Debug|Mixed Platforms.Build.0 = Debug|Win32
		{8625A303-646D-4D87-BC14-29CD4D079CD9}.Debug|Win32.ActiveCfg = Debug|Win32
		{8625A303-646D-4D87-BC14-29CD4D079CD9}.Debug|Win32.Build.0 = Debug|Win32
		{8625A303-646D-4D87-BC14-29CD4D079CD9}.Release|Mixed Platforms.ActiveCfg = Debug|Win32
		{8625A303-646D-4D87-BC14-29CD4D079CD9}.Release|Mixed Platforms.Build.0 = Debug|Win32
		{8625A303-646D-4D87-BC14-29CD4D079CD9}.Release|Win32.ActiveCfg = Release|Win32
		{8625A303-646D-4D87-BC14-29CD4D079CD9}.Release|Win32.Build.0 = Release|Win32
	EndGlobalSection
	GlobalSection(SolutionProperties) = preSolution
		HideSolutionNode = FALSE
	EndGlobalSection
EndGlobal
