
Microsoft Visual Studio Solution File, Format Version 11.00
# Visual Studio 2010
Project("{8BC9CEB8-8B4A-11D0-8D11-00A0C91BC942}") = "DirectXSample", "DirectXSample\DirectXSample.vcxproj", "{7D0372DA-7678-48D2-B517-14EBC18ACCE0}"
EndProject
Project("{FAE04EC0-301F-11D3-BF4B-00C04F79EFBC}") = "WpfDirectX", "WpfDirectX\WpfDirectX.csproj", "{255B128F-6516-48F4-8725-346F4B55BB13}"
EndProject
Global
	GlobalSection(SolutionConfigurationPlatforms) = preSolution
		Debug|Any CPU = Debug|Any CPU
		Debug|Mixed Platforms = Debug|Mixed Platforms
		Debug|Win32 = Debug|Win32
		Debug|x86 = Debug|x86
		Release|Any CPU = Release|Any CPU
		Release|Mixed Platforms = Release|Mixed Platforms
		Release|Win32 = Release|Win32
		Release|x86 = Release|x86
	EndGlobalSection
	GlobalSection(ProjectConfigurationPlatforms) = postSolution
		{7D0372DA-7678-48D2-B517-14EBC18ACCE0}.Debug|Any CPU.ActiveCfg = Debug|Win32
		{7D0372DA-7678-48D2-B517-14EBC18ACCE0}.Debug|Mixed Platforms.ActiveCfg = Debug|Win32
		{7D0372DA-7678-48D2-B517-14EBC18ACCE0}.Debug|Win32.ActiveCfg = Debug|Win32
		{7D0372DA-7678-48D2-B517-14EBC18ACCE0}.Debug|x86.ActiveCfg = Debug|Win32
		{7D0372DA-7678-48D2-B517-14EBC18ACCE0}.Release|Any CPU.ActiveCfg = Release|Win32
		{7D0372DA-7678-48D2-B517-14EBC18ACCE0}.Release|Mixed Platforms.ActiveCfg = Release|Win32
		{7D0372DA-7678-48D2-B517-14EBC18ACCE0}.Release|Win32.ActiveCfg = Release|Win32
		{7D0372DA-7678-48D2-B517-14EBC18ACCE0}.Release|x86.ActiveCfg = Release|Win32
		{255B128F-6516-48F4-8725-346F4B55BB13}.Debug|Any CPU.ActiveCfg = Debug|x86
		{255B128F-6516-48F4-8725-346F4B55BB13}.Debug|Mixed Platforms.ActiveCfg = Debug|x86
		{255B128F-6516-48F4-8725-346F4B55BB13}.Debug|Mixed Platforms.Build.0 = Debug|x86
		{255B128F-6516-48F4-8725-346F4B55BB13}.Debug|Win32.ActiveCfg = Debug|x86
		{255B128F-6516-48F4-8725-346F4B55BB13}.Debug|x86.ActiveCfg = Debug|x86
		{255B128F-6516-48F4-8725-346F4B55BB13}.Debug|x86.Build.0 = Debug|x86
		{255B128F-6516-48F4-8725-346F4B55BB13}.Release|Any CPU.ActiveCfg = Release|x86
		{255B128F-6516-48F4-8725-346F4B55BB13}.Release|Mixed Platforms.ActiveCfg = Release|x86
		{255B128F-6516-48F4-8725-346F4B55BB13}.Release|Mixed Platforms.Build.0 = Release|x86
		{255B128F-6516-48F4-8725-346F4B55BB13}.Release|Win32.ActiveCfg = Release|x86
		{255B128F-6516-48F4-8725-346F4B55BB13}.Release|x86.ActiveCfg = Release|x86
		{255B128F-6516-48F4-8725-346F4B55BB13}.Release|x86.Build.0 = Release|x86
	EndGlobalSection
	GlobalSection(SolutionProperties) = preSolution
		HideSolutionNode = FALSE
	EndGlobalSection
EndGlobal
