
Microsoft Visual Studio Solution File, Format Version 11.00
# Visual Studio 2010
Project("{FAE04EC0-301F-11D3-BF4B-00C04F79EFBC}") = "WindowHostingVisual", "WindowHostingVisual\WindowHostingVisual.csproj", "{B79EA0D3-CFD4-4436-A234-CE810E1C3627}"
EndProject
Global
	GlobalSection(SolutionConfigurationPlatforms) = preSolution
		Debug|Any CPU = Debug|Any CPU
		Release|Any CPU = Release|Any CPU
	EndGlobalSection
	GlobalSection(ProjectConfigurationPlatforms) = postSolution
		{B79EA0D3-CFD4-4436-A234-CE810E1C3627}.Debug|Any CPU.ActiveCfg = Debug|Any CPU
		{B79EA0D3-CFD4-4436-A234-CE810E1C3627}.Debug|Any CPU.Build.0 = Debug|Any CPU
		{B79EA0D3-CFD4-4436-A234-CE810E1C3627}.Release|Any CPU.ActiveCfg = Release|Any CPU
		{B79EA0D3-CFD4-4436-A234-CE810E1C3627}.Release|Any CPU.Build.0 = Release|Any CPU
	EndGlobalSection
	GlobalSection(SolutionProperties) = preSolution
		HideSolutionNode = FALSE
	EndGlobalSection
EndGlobal
