
Microsoft Visual Studio Solution File, Format Version 11.00
# Visual Studio 2010
Project("{FAE04EC0-301F-11D3-BF4B-00C04F79EFBC}") = "SimpleAnimation", "SimpleAnimation\SimpleAnimation.csproj", "{43C43C2E-DC8D-48B7-BB88-D30843E08E5B}"
EndProject
Global
	GlobalSection(SolutionConfigurationPlatforms) = preSolution
		Debug|Any CPU = Debug|Any CPU
		Release|Any CPU = Release|Any CPU
	EndGlobalSection
	GlobalSection(ProjectConfigurationPlatforms) = postSolution
		{43C43C2E-DC8D-48B7-BB88-D30843E08E5B}.Debug|Any CPU.ActiveCfg = Debug|Any CPU
		{43C43C2E-DC8D-48B7-BB88-D30843E08E5B}.Debug|Any CPU.Build.0 = Debug|Any CPU
		{43C43C2E-DC8D-48B7-BB88-D30843E08E5B}.Release|Any CPU.ActiveCfg = Release|Any CPU
		{43C43C2E-DC8D-48B7-BB88-D30843E08E5B}.Release|Any CPU.Build.0 = Release|Any CPU
	EndGlobalSection
	GlobalSection(SolutionProperties) = preSolution
		HideSolutionNode = FALSE
	EndGlobalSection
EndGlobal
