
Microsoft Visual Studio Solution File, Format Version 11.00
# Visual Studio 2010
Project("{FAE04EC0-301F-11D3-BF4B-00C04F79EFBC}") = "Annotations", "Annotations.csproj", "{741C9216-6019-4740-BE14-5BA7439163D0}"
EndProject
Global
	GlobalSection(SolutionConfigurationPlatforms) = preSolution
		Debug|Any CPU = Debug|Any CPU
		Release|Any CPU = Release|Any CPU
	EndGlobalSection
	GlobalSection(ProjectConfigurationPlatforms) = postSolution
		{741C9216-6019-4740-BE14-5BA7439163D0}.Debug|Any CPU.ActiveCfg = Debug|Any CPU
		{741C9216-6019-4740-BE14-5BA7439163D0}.Debug|Any CPU.Build.0 = Debug|Any CPU
		{741C9216-6019-4740-BE14-5BA7439163D0}.Release|Any CPU.ActiveCfg = Release|Any CPU
		{741C9216-6019-4740-BE14-5BA7439163D0}.Release|Any CPU.Build.0 = Release|Any CPU
	EndGlobalSection
	GlobalSection(SolutionProperties) = preSolution
		HideSolutionNode = FALSE
	EndGlobalSection
EndGlobal
